{
  "name": "create-starknet-app",
  "version": "0.4.1",
  "lockfileVersion": 3,
  "requires": true,
  "packages": {
    "": {
      "name": "create-starknet-app",
      "version": "0.4.1",
      "hasInstallScript": true,
      "license": "ISC",
      "bin": {
        "create-starknet-app": "bin/cli.mjs"
      }
    }
  }
}
